# THIS IS AN AUTOGENERATED FILE. DO NOT EDIT THIS FILE DIRECTLY.
# yarn lockfile v1


"@cerbos/cerbos-darwin-arm64@0.46.0":
  version "0.46.0"
  resolved "https://registry.npmjs.org/@cerbos/cerbos-darwin-arm64/-/cerbos-darwin-arm64-0.46.0.tgz"
  integrity sha512-xPew4kMHxiG9cPTfFkYLd1NhwSY2I0yiswWLbUlw1lNCcG36rnsB64hf/GSzGkHUugTydofmx0oM247RBKqe0w==

"@cerbos/cerbos-darwin-x64@0.46.0":
  version "0.46.0"
  resolved "https://registry.npmjs.org/@cerbos/cerbos-darwin-x64/-/cerbos-darwin-x64-0.46.0.tgz"
  integrity sha512-OGQaAm7cI2V6Bgv+WCx2+Yg6Q3+PzJt+4R2wesoRklodXYfE7DL89jXY+itpoxW9ont0Do48oYxdqK3DsNN7Nw==

"@cerbos/cerbos-linux-arm64@0.46.0":
  version "0.46.0"
  resolved "https://registry.npmjs.org/@cerbos/cerbos-linux-arm64/-/cerbos-linux-arm64-0.46.0.tgz"
  integrity sha512-DcLyDyYLh1aEWTPnztmWnzF6000tEO7kOzD4aOGwfFX7U7+DL0c2n3PL9sGXiWKAhEGHbGzh4dLzmehg+IuwSQ==

"@cerbos/cerbos-linux-x64@0.46.0":
  version "0.46.0"
  resolved "https://registry.npmjs.org/@cerbos/cerbos-linux-x64/-/cerbos-linux-x64-0.46.0.tgz"
  integrity sha512-0aIF+Xnpe73GCDpnACI4S8Hr6MYHvRdRKKxaKAWuFj78PNm0Nv1DuVLk59haniY4wQm4mSuDmPmyTXpTWmTgaA==

"@cerbos/cerbosctl-darwin-arm64@0.46.0":
  version "0.46.0"
  resolved "https://registry.npmjs.org/@cerbos/cerbosctl-darwin-arm64/-/cerbosctl-darwin-arm64-0.46.0.tgz"
  integrity sha512-XZac5TWRUbm/TvmSF/oIWv7tjeToULmgJEnUFxLpAi29SybefcVgiE5XYyzHw1L+mk794zWY6Fr5BmE0E9WKnw==

"@cerbos/cerbosctl-darwin-x64@0.46.0":
  version "0.46.0"
  resolved "https://registry.npmjs.org/@cerbos/cerbosctl-darwin-x64/-/cerbosctl-darwin-x64-0.46.0.tgz"
  integrity sha512-bLjNb1tpwg2KffnaflHyVb7hAl2vW/1/zFaDKzqqotyCXIF85XUlhqzYUDM2gcS1UXVLpT/c2dOT+ARWnICfPg==

"@cerbos/cerbosctl-linux-arm64@0.46.0":
  version "0.46.0"
  resolved "https://registry.npmjs.org/@cerbos/cerbosctl-linux-arm64/-/cerbosctl-linux-arm64-0.46.0.tgz"
  integrity sha512-VfDCpsaukzYXeuomDpU+HhjVRU4tZIznyBD/T/d480UK9FjWvPAsHFPn1IIinSeW3uKvZZA5grgBFoTTVUqHZw==

"@cerbos/cerbosctl-linux-x64@0.46.0":
  version "0.46.0"
  resolved "https://registry.npmjs.org/@cerbos/cerbosctl-linux-x64/-/cerbosctl-linux-x64-0.46.0.tgz"
  integrity sha512-/zarNmNIpy8PZIikaddsxQd2mh2jX8DhJaQpkfL1MdaonpVzDTbrjPm/2IyTYRYcRjYQ47W0NuToCK9uXJGtBQ==

cerbos@^0.46.0:
  version "0.46.0"
  resolved "https://registry.npmjs.org/cerbos/-/cerbos-0.46.0.tgz"
  integrity sha512-sBR2cXsHd2rWtv+jlLa61GzS6XDOywIb7LMuPR4xnFSRlAkr8qeBRhSJNXes/IurJ6Fz0qyNUg2v3P3i5qVJHQ==
  optionalDependencies:
    "@cerbos/cerbos-darwin-arm64" "0.46.0"
    "@cerbos/cerbos-darwin-x64" "0.46.0"
    "@cerbos/cerbos-linux-arm64" "0.46.0"
    "@cerbos/cerbos-linux-x64" "0.46.0"

cerbosctl@^0.46.0:
  version "0.46.0"
  resolved "https://registry.npmjs.org/cerbosctl/-/cerbosctl-0.46.0.tgz"
  integrity sha512-n6s4CJDmVY+fwMJemGUeTenJSuN+BTXWZChlHkHcPFPbd9m5xZBv2kFPoiHAry2GSCmAEiu/qFvp+KijBobkpQ==
  optionalDependencies:
    "@cerbos/cerbosctl-darwin-arm64" "0.46.0"
    "@cerbos/cerbosctl-darwin-x64" "0.46.0"
    "@cerbos/cerbosctl-linux-arm64" "0.46.0"
    "@cerbos/cerbosctl-linux-x64" "0.46.0"

"flexsearch@github:PloinkyRepos/flexsearch#main":
  version "0.8.214"
  resolved "git+ssh://git@github.com/PloinkyRepos/flexsearch.git"
  integrity sha512-riMrPMTrnBImyLmOmTTQskMkXNddz1PHNvPX3IFgThouI4X/mCLA5ej5fw2K1YFBYEw5Yv0Jdvv9FswlLtyerg==

"mcp-sdk@github:PloinkyRepos/MCPSDK#main":
  version "1.0.0"
  resolved "git+ssh://git@github.com/PloinkyRepos/MCPSDK.git"
  integrity sha512-HEAwsE6VzQdO6texaJNujAcQ9cBsF+j7/1cN3l5IKlTkHH7F0kD57gTFYMc2VMym1IDenCMEcygiHSipS31vRw==

nan@^2.17.0:
  version "2.23.0"
  resolved "https://registry.npmjs.org/nan/-/nan-2.23.0.tgz"
  integrity sha512-1UxuyYGdoQHcGg87Lkqm3FzefucTa0NAiOcuRsDmysep3c1LVCRK2krrUDafMWtjSG04htvAmvg96+SDknOmgQ==

node-pty@^1.0.0:
  version "1.0.0"
  resolved "https://registry.npmjs.org/node-pty/-/node-pty-1.0.0.tgz"
  integrity sha512-wtBMWWS7dFZm/VgqElrTvtfMq4GzJ6+edFI0Y0zyzygUSZMgZdraDUMUhCIvkjhJjme15qWmbyJbtAx4ot4uZA==
  dependencies:
    nan "^2.17.0"

"ploinky-agent-lib@github:OutfinityResearch/ploinkyAgentLib#main":
  version "0.1.0"
  resolved "git+ssh://git@github.com/OutfinityResearch/ploinkyAgentLib.git"
  integrity sha512-XFOl/8vaW9a36jJjexERzt5ASU5GQH7RDL3bMz8YBG4XTPR20Tm7hcB0xZa7IvP5CgtjiOH0CiyVRZXtCY1EuQ==
